# DO NOT EDIT MANUALLY - Managed by Fern Replay
version: "1.0"
generations:
  - commit_sha: b14c424ad3c9dd80bb05cb4c7aa8757a5927c787
    tree_hash: 9f413e391e050b832385e0458a5ef966311f3fe0
    timestamp: 2026-08-16T18:24:05.388Z
    cli_version: unknown
    generator_versions: {}
current_generation: b14c424ad3c9dd80bb05cb4c7aa8757a5927c787
patches: []
